<?xml version="1.0" encoding="utf-8"?>
<Project ToolsVersion="4.0" xmlns="http://schemas.microsoft.com/developer/msbuild/2003">
  <ItemGroup>
    <ClCompile Include="Render\Camera.cpp">
      <Filter>Render</Filter>
    </ClCompile>
    <ClCompile Include="Render\Render.cpp">
      <Filter>Render</Filter>
    </ClCompile>
    <ClCompile Include="RenderUtils.cpp" />
    <ClCompile Include="main.cpp" />
    <ClCompile Include="callbacks.cpp" />
    <ClCompile Include="Particulas.cpp" />
    <ClCompile Include="ParticleForceGenerator.cpp" />
    <ClCompile Include="ParticleForceRegistry.cpp" />
    <ClCompile Include="ParticleGravity.cpp" />
    <ClCompile Include="ParticleDrag.cpp" />
    <ClCompile Include="Firework.cpp" />
    <ClCompile Include="ParticleGenerator.cpp" />
    <ClCompile Include="WindForce.cpp" />
    <ClCompile Include="Explosion.cpp" />
    <ClCompile Include="ParticleSpring.cpp" />
    <ClCompile Include="ParticleAnchoredSpring.cpp" />
    <ClCompile Include="ParticleBuoyancy.cpp" />
    <ClCompile Include="ParticleContact.cpp" />
    <ClCompile Include="RigidBody.cpp" />
    <ClCompile Include="ParticleLink.cpp" />
    <ClCompile Include="ParticleRod.cpp" />
    <ClCompile Include="ParticleCable.cpp" />
    <ClCompile Include="GeneratorRB.cpp" />
    <ClCompile Include="ExplosionRG.cpp" />
    <ClCompile Include="Player.cpp">
      <Filter>Proyecto</Filter>
    </ClCompile>
    <ClCompile Include="SimpleObstacle.cpp">
      <Filter>Proyecto</Filter>
    </ClCompile>
    <ClCompile Include="MoveObstacle.cpp">
      <Filter>Proyecto</Filter>
    </ClCompile>
    <ClCompile Include="Bullet.cpp">
      <Filter>Proyecto</Filter>
    </ClCompile>
    <ClCompile Include="Enemy.cpp">
      <Filter>Proyecto</Filter>
    </ClCompile>
    <ClCompile Include="ObstacleSystem.cpp">
      <Filter>Proyecto</Filter>
    </ClCompile>
    <ClCompile Include="WaterObstacle.cpp">
      <Filter>Proyecto</Filter>
    </ClCompile>
  </ItemGroup>
  <ItemGroup>
    <ClInclude Include="core.hpp" />
    <ClInclude Include="Render\Camera.h">
      <Filter>Render</Filter>
    </ClInclude>
    <ClInclude Include="Render\Render.h">
      <Filter>Render</Filter>
    </ClInclude>
    <ClInclude Include="RenderUtils.hpp" />
    <ClInclude Include="callbacks.hpp" />
    <ClInclude Include="Particulas.h" />
    <ClInclude Include="ParticleForceGenerator.h" />
    <ClInclude Include="ParticleForceRegistry.h" />
    <ClInclude Include="ParticleGravity.h" />
    <ClInclude Include="ParticleDrag.h" />
    <ClInclude Include="Firework.h" />
    <ClInclude Include="ParticleGenerator.h" />
    <ClInclude Include="WindForce.h" />
    <ClInclude Include="Explosion.h" />
    <ClInclude Include="ParticleSpring.h" />
    <ClInclude Include="ParticleAnchoredSpring.h" />
    <ClInclude Include="ParticleBuoyancy.h" />
    <ClInclude Include="ParticleContact.h" />
    <ClInclude Include="RigidBody.h" />
    <ClInclude Include="ParticleLink.h" />
    <ClInclude Include="ParticleRod.h" />
    <ClInclude Include="ParticleCable.h" />
    <ClInclude Include="GeneratorRB.h" />
    <ClInclude Include="ExplosionRG.h" />
    <ClInclude Include="Player.h">
      <Filter>Proyecto</Filter>
    </ClInclude>
    <ClInclude Include="SimpleObstacle.h">
      <Filter>Proyecto</Filter>
    </ClInclude>
    <ClInclude Include="MoveObstacle.h">
      <Filter>Proyecto</Filter>
    </ClInclude>
    <ClInclude Include="Bullet.h">
      <Filter>Proyecto</Filter>
    </ClInclude>
    <ClInclude Include="Enemy.h">
      <Filter>Proyecto</Filter>
    </ClInclude>
    <ClInclude Include="ObstacleSystem.h">
      <Filter>Proyecto</Filter>
    </ClInclude>
    <ClInclude Include="WaterObstacle.h">
      <Filter>Proyecto</Filter>
    </ClInclude>
  </ItemGroup>
  <ItemGroup>
    <Filter Include="Render">
      <UniqueIdentifier>{d04b4f9f-5a69-465e-8070-25c6d0bcd3c2}</UniqueIdentifier>
    </Filter>
    <Filter Include="Proyecto">
      <UniqueIdentifier>{6a343d96-4bab-4dc6-bed4-38dae7abbec3}</UniqueIdentifier>
    </Filter>
  </ItemGroup>
</Project>